// !$*UTF8*$!
{
	archiveVersion = 1;
	classes = {
	};
	objectVersion = 46;
	objects = {

/* Begin PBXBuildFile section */
		22B432E01D45474C00B5725E /* AppDelegate.swift in Sources */ = {isa = PBXBuildFile; fileRef = 22B432DF1D45474C00B5725E /* AppDelegate.swift */; };
		22B432E21D45474C00B5725E /* ViewController.swift in Sources */ = {isa = PBXBuildFile; fileRef = 22B432E11D45474C00B5725E /* ViewController.swift */; };
		22B432E51D45474C00B5725E /* Main.storyboard in Resources */ = {isa = PBXBuildFile; fileRef = 22B432E31D45474C00B5725E /* Main.storyboard */; };
		22B432E81D45474C00B5725E /* wombats.xcdatamodeld in Sources */ = {isa = PBXBuildFile; fileRef = 22B432E61D45474C00B5725E /* wombats.xcdatamodeld */; };
		22B432EA1D45474C00B5725E /* Assets.xcassets in Resources */ = {isa = PBXBuildFile; fileRef = 22B432E91D45474C00B5725E /* Assets.xcassets */; };
		22B432ED1D45474C00B5725E /* LaunchScreen.storyboard in Resources */ = {isa = PBXBuildFile; fileRef = 22B432EB1D45474C00B5725E /* LaunchScreen.storyboard */; };
		22B432F81D45474C00B5725E /* wombatsTests.swift in Sources */ = {isa = PBXBuildFile; fileRef = 22B432F71D45474C00B5725E /* wombatsTests.swift */; };
		22B433031D45474C00B5725E /* wombatsUITests.swift in Sources */ = {isa = PBXBuildFile; fileRef = 22B433021D45474C00B5725E /* wombatsUITests.swift */; };
		22B433111D45477700B5725E /* payload.txt in Resources */ = {isa = PBXBuildFile; fileRef = 22B433101D45477700B5725E /* payload.txt */; };
		22B433131D454CB700B5725E /* json.swift in Sources */ = {isa = PBXBuildFile; fileRef = 22B433121D454CB700B5725E /* json.swift */; };
		22B433151D454ECB00B5725E /* Models.swift in Sources */ = {isa = PBXBuildFile; fileRef = 22B433141D454ECB00B5725E /* Models.swift */; };
/* End PBXBuildFile section */

/* Begin PBXContainerItemProxy section */
		22B432F41D45474C00B5725E /* PBXContainerItemProxy */ = {
			isa = PBXContainerItemProxy;
			containerPortal = 22B432D41D45474C00B5725E /* Project object */;
			proxyType = 1;
			remoteGlobalIDString = 22B432DB1D45474C00B5725E;
			remoteInfo = wombats;
		};
		22B432FF1D45474C00B5725E /* PBXContainerItemProxy */ = {
			isa = PBXContainerItemProxy;
			containerPortal = 22B432D41D45474C00B5725E /* Project object */;
			proxyType = 1;
			remoteGlobalIDString = 22B432DB1D45474C00B5725E;
			remoteInfo = wombats;
		};
/* End PBXContainerItemProxy section */

/* Begin PBXFileReference section */
		22B432DC1D45474C00B5725E /* wombats.app */ = {isa = PBXFileReference; explicitFileType = wrapper.application; includeInIndex = 0; path = wombats.app; sourceTree = BUILT_PRODUCTS_DIR; };
		22B432DF1D45474C00B5725E /* AppDelegate.swift */ = {isa = PBXFileReference; lastKnownFileType = sourcecode.swift; path = AppDelegate.swift; sourceTree = "<group>"; };
		22B432E11D45474C00B5725E /* ViewController.swift */ = {isa = PBXFileReference; lastKnownFileType = sourcecode.swift; path = ViewController.swift; sourceTree = "<group>"; };
		22B432E41D45474C00B5725E /* Base */ = {isa = PBXFileReference; lastKnownFileType = file.storyboard; name = Base; path = Base.lproj/Main.storyboard; sourceTree = "<group>"; };
		22B432E71D45474C00B5725E /* wombats.xcdatamodel */ = {isa = PBXFileReference; lastKnownFileType = wrapper.xcdatamodel; path = wombats.xcdatamodel; sourceTree = "<group>"; };
		22B432E91D45474C00B5725E /* Assets.xcassets */ = {isa = PBXFileReference; lastKnownFileType = folder.assetcatalog; path = Assets.xcassets; sourceTree = "<group>"; };
		22B432EC1D45474C00B5725E /* Base */ = {isa = PBXFileReference; lastKnownFileType = file.storyboard; name = Base; path = Base.lproj/LaunchScreen.storyboard; sourceTree = "<group>"; };
		22B432EE1D45474C00B5725E /* Info.plist */ = {isa = PBXFileReference; lastKnownFileType = text.plist.xml; path = Info.plist; sourceTree = "<group>"; };
		22B432F31D45474C00B5725E /* wombatsTests.xctest */ = {isa = PBXFileReference; explicitFileType = wrapper.cfbundle; includeInIndex = 0; path = wombatsTests.xctest; sourceTree = BUILT_PRODUCTS_DIR; };
		22B432F71D45474C00B5725E /* wombatsTests.swift */ = {isa = PBXFileReference; lastKnownFileType = sourcecode.swift; path = wombatsTests.swift; sourceTree = "<group>"; };
		22B432F91D45474C00B5725E /* Info.plist */ = {isa = PBXFileReference; lastKnownFileType = text.plist.xml; path = Info.plist; sourceTree = "<group>"; };
		22B432FE1D45474C00B5725E /* wombatsUITests.xctest */ = {isa = PBXFileReference; explicitFileType = wrapper.cfbundle; includeInIndex = 0; path = wombatsUITests.xctest; sourceTree = BUILT_PRODUCTS_DIR; };
		22B433021D45474C00B5725E /* wombatsUITests.swift */ = {isa = PBXFileReference; lastKnownFileType = sourcecode.swift; path = wombatsUITests.swift; sourceTree = "<group>"; };
		22B433041D45474C00B5725E /* Info.plist */ = {isa = PBXFileReference; lastKnownFileType = text.plist.xml; path = Info.plist; sourceTree = "<group>"; };
		22B433101D45477700B5725E /* payload.txt */ = {isa = PBXFileReference; fileEncoding = 4; lastKnownFileType = text; name = payload.txt; path = ../../../../Downloads/payload.txt; sourceTree = "<group>"; };
		22B433121D454CB700B5725E /* json.swift */ = {isa = PBXFileReference; fileEncoding = 4; lastKnownFileType = sourcecode.swift; name = json.swift; path = ../../../../Downloads/json.swift; sourceTree = "<group>"; };
		22B433141D454ECB00B5725E /* Models.swift */ = {isa = PBXFileReference; fileEncoding = 4; lastKnownFileType = sourcecode.swift; path = Models.swift; sourceTree = "<group>"; };
/* End PBXFileReference section */

/* Begin PBXFrameworksBuildPhase section */
		22B432D91D45474C00B5725E /* Frameworks */ = {
			isa = PBXFrameworksBuildPhase;
			buildActionMask = 2147483647;
			files = (
			);
			runOnlyForDeploymentPostprocessing = 0;
		};
		22B432F01D45474C00B5725E /* Frameworks */ = {
			isa = PBXFrameworksBuildPhase;
			buildActionMask = 2147483647;
			files = (
			);
			runOnlyForDeploymentPostprocessing = 0;
		};
		22B432FB1D45474C00B5725E /* Frameworks */ = {
			isa = PBXFrameworksBuildPhase;
			buildActionMask = 2147483647;
			files = (
			);
			runOnlyForDeploymentPostprocessing = 0;
		};
/* End PBXFrameworksBuildPhase section */

/* Begin PBXGroup section */
		22B432D31D45474C00B5725E = {
			isa = PBXGroup;
			children = (
				22B432DE1D45474C00B5725E /* wombats */,
				22B432F61D45474C00B5725E /* wombatsTests */,
				22B433011D45474C00B5725E /* wombatsUITests */,
				22B432DD1D45474C00B5725E /* Products */,
			);
			sourceTree = "<group>";
		};
		22B432DD1D45474C00B5725E /* Products */ = {
			isa = PBXGroup;
			children = (
				22B432DC1D45474C00B5725E /* wombats.app */,
				22B432F31D45474C00B5725E /* wombatsTests.xctest */,
				22B432FE1D45474C00B5725E /* wombatsUITests.xctest */,
			);
			name = Products;
			sourceTree = "<group>";
		};
		22B432DE1D45474C00B5725E /* wombats */ = {
			isa = PBXGroup;
			children = (
				22B433121D454CB700B5725E /* json.swift */,
				22B433101D45477700B5725E /* payload.txt */,
				22B432DF1D45474C00B5725E /* AppDelegate.swift */,
				22B432E11D45474C00B5725E /* ViewController.swift */,
				22B432E31D45474C00B5725E /* Main.storyboard */,
				22B432E91D45474C00B5725E /* Assets.xcassets */,
				22B432EB1D45474C00B5725E /* LaunchScreen.storyboard */,
				22B432EE1D45474C00B5725E /* Info.plist */,
				22B432E61D45474C00B5725E /* wombats.xcdatamodeld */,
				22B433141D454ECB00B5725E /* Models.swift */,
			);
			path = wombats;
			sourceTree = "<group>";
		};
		22B432F61D45474C00B5725E /* wombatsTests */ = {
			isa = PBXGroup;
			children = (
				22B432F71D45474C00B5725E /* wombatsTests.swift */,
				22B432F91D45474C00B5725E /* Info.plist */,
			);
			path = wombatsTests;
			sourceTree = "<group>";
		};
		22B433011D45474C00B5725E /* wombatsUITests */ = {
			isa = PBXGroup;
			children = (
				22B433021D45474C00B5725E /* wombatsUITests.swift */,
				22B433041D45474C00B5725E /* Info.plist */,
			);
			path = wombatsUITests;
			sourceTree = "<group>";
		};
/* End PBXGroup section */

/* Begin PBXNativeTarget section */
		22B432DB1D45474C00B5725E /* wombats */ = {
			isa = PBXNativeTarget;
			buildConfigurationList = 22B433071D45474C00B5725E /* Build configuration list for PBXNativeTarget "wombats" */;
			buildPhases = (
				22B432D81D45474C00B5725E /* Sources */,
				22B432D91D45474C00B5725E /* Frameworks */,
				22B432DA1D45474C00B5725E /* Resources */,
			);
			buildRules = (
			);
			dependencies = (
			);
			name = wombats;
			productName = wombats;
			productReference = 22B432DC1D45474C00B5725E /* wombats.app */;
			productType = "com.apple.product-type.application";
		};
		22B432F21D45474C00B5725E /* wombatsTests */ = {
			isa = PBXNativeTarget;
			buildConfigurationList = 22B4330A1D45474C00B5725E /* Build configuration list for PBXNativeTarget "wombatsTests" */;
			buildPhases = (
				22B432EF1D45474C00B5725E /* Sources */,
				22B432F01D45474C00B5725E /* Frameworks */,
				22B432F11D45474C00B5725E /* Resources */,
			);
			buildRules = (
			);
			dependencies = (
				22B432F51D45474C00B5725E /* PBXTargetDependency */,
			);
			name = wombatsTests;
			productName = wombatsTests;
			productReference = 22B432F31D45474C00B5725E /* wombatsTests.xctest */;
			productType = "com.apple.product-type.bundle.unit-test";
		};
		22B432FD1D45474C00B5725E /* wombatsUITests */ = {
			isa = PBXNativeTarget;
			buildConfigurationList = 22B4330D1D45474C00B5725E /* Build configuration list for PBXNativeTarget "wombatsUITests" */;
			buildPhases = (
				22B432FA1D45474C00B5725E /* Sources */,
				22B432FB1D45474C00B5725E /* Frameworks */,
				22B432FC1D45474C00B5725E /* Resources */,
			);
			buildRules = (
			);
			dependencies = (
				22B433001D45474C00B5725E /* PBXTargetDependency */,
			);
			name = wombatsUITests;
			productName = wombatsUITests;
			productReference = 22B432FE1D45474C00B5725E /* wombatsUITests.xctest */;
			productType = "com.apple.product-type.bundle.ui-testing";
		};
/* End PBXNativeTarget section */

/* Begin PBXProject section */
		22B432D41D45474C00B5725E /* Project object */ = {
			isa = PBXProject;
			attributes = {
				LastSwiftUpdateCheck = 0800;
				LastUpgradeCheck = 0800;
				ORGANIZATIONNAME = "Sam Shiffman";
				TargetAttributes = {
					22B432DB1D45474C00B5725E = {
						CreatedOnToolsVersion = 8.0;
						DevelopmentTeam = SCR2G9PQYW;
						DevelopmentTeamName = "Samuel Shiffman";
						ProvisioningStyle = Automatic;
					};
					22B432F21D45474C00B5725E = {
						CreatedOnToolsVersion = 8.0;
						DevelopmentTeam = SCR2G9PQYW;
						DevelopmentTeamName = "Samuel Shiffman";
						ProvisioningStyle = Automatic;
						TestTargetID = 22B432DB1D45474C00B5725E;
					};
					22B432FD1D45474C00B5725E = {
						CreatedOnToolsVersion = 8.0;
						DevelopmentTeam = SCR2G9PQYW;
						DevelopmentTeamName = "Samuel Shiffman";
						ProvisioningStyle = Automatic;
						TestTargetID = 22B432DB1D45474C00B5725E;
					};
				};
			};
			buildConfigurationList = 22B432D71D45474C00B5725E /* Build configuration list for PBXProject "wombats" */;
			compatibilityVersion = "Xcode 3.2";
			developmentRegion = English;
			hasScannedForEncodings = 0;
			knownRegions = (
				en,
				Base,
			);
			mainGroup = 22B432D31D45474C00B5725E;
			productRefGroup = 22B432DD1D45474C00B5725E /* Products */;
			projectDirPath = "";
			projectRoot = "";
			targets = (
				22B432DB1D45474C00B5725E /* wombats */,
				22B432F21D45474C00B5725E /* wombatsTests */,
				22B432FD1D45474C00B5725E /* wombatsUITests */,
			);
		};
/* End PBXProject section */

/* Begin PBXResourcesBuildPhase section */
		22B432DA1D45474C00B5725E /* Resources */ = {
			isa = PBXResourcesBuildPhase;
			buildActionMask = 2147483647;
			files = (
				22B433111D45477700B5725E /* payload.txt in Resources */,
				22B432ED1D45474C00B5725E /* LaunchScreen.storyboard in Resources */,
				22B432EA1D45474C00B5725E /* Assets.xcassets in Resources */,
				22B432E51D45474C00B5725E /* Main.storyboard in Resources */,
			);
			runOnlyForDeploymentPostprocessing = 0;
		};
		22B432F11D45474C00B5725E /* Resources */ = {
			isa = PBXResourcesBuildPhase;
			buildActionMask = 2147483647;
			files = (
			);
			runOnlyForDeploymentPostprocessing = 0;
		};
		22B432FC1D45474C00B5725E /* Resources */ = {
			isa = PBXResourcesBuildPhase;
			buildActionMask = 2147483647;
			files = (
			);
			runOnlyForDeploymentPostprocessing = 0;
		};
/* End PBXResourcesBuildPhase section */

/* Begin PBXSourcesBuildPhase section */
		22B432D81D45474C00B5725E /* Sources */ = {
			isa = PBXSourcesBuildPhase;
			buildActionMask = 2147483647;
			files = (
				22B432E21D45474C00B5725E /* ViewController.swift in Sources */,
				22B432E81D45474C00B5725E /* wombats.xcdatamodeld in Sources */,
				22B432E01D45474C00B5725E /* AppDelegate.swift in Sources */,
				22B433131D454CB700B5725E /* json.swift in Sources */,
				22B433151D454ECB00B5725E /* Models.swift in Sources */,
			);
			runOnlyForDeploymentPostprocessing = 0;
		};
		22B432EF1D45474C00B5725E /* Sources */ = {
			isa = PBXSourcesBuildPhase;
			buildActionMask = 2147483647;
			files = (
				22B432F81D45474C00B5725E /* wombatsTests.swift in Sources */,
			);
			runOnlyForDeploymentPostprocessing = 0;
		};
		22B432FA1D45474C00B5725E /* Sources */ = {
			isa = PBXSourcesBuildPhase;
			buildActionMask = 2147483647;
			files = (
				22B433031D45474C00B5725E /* wombatsUITests.swift in Sources */,
			);
			runOnlyForDeploymentPostprocessing = 0;
		};
/* End PBXSourcesBuildPhase section */

/* Begin PBXTargetDependency section */
		22B432F51D45474C00B5725E /* PBXTargetDependency */ = {
			isa = PBXTargetDependency;
			target = 22B432DB1D45474C00B5725E /* wombats */;
			targetProxy = 22B432F41D45474C00B5725E /* PBXContainerItemProxy */;
		};
		22B433001D45474C00B5725E /* PBXTargetDependency */ = {
			isa = PBXTargetDependency;
			target = 22B432DB1D45474C00B5725E /* wombats */;
			targetProxy = 22B432FF1D45474C00B5725E /* PBXContainerItemProxy */;
		};
/* End PBXTargetDependency section */

/* Begin PBXVariantGroup section */
		22B432E31D45474C00B5725E /* Main.storyboard */ = {
			isa = PBXVariantGroup;
			children = (
				22B432E41D45474C00B5725E /* Base */,
			);
			name = Main.storyboard;
			sourceTree = "<group>";
		};
		22B432EB1D45474C00B5725E /* LaunchScreen.storyboard */ = {
			isa = PBXVariantGroup;
			children = (
				22B432EC1D45474C00B5725E /* Base */,
			);
			name = LaunchScreen.storyboard;
			sourceTree = "<group>";
		};
/* End PBXVariantGroup section */

/* Begin XCBuildConfiguration section */
		22B433051D45474C00B5725E /* Debug */ = {
			isa = XCBuildConfiguration;
			buildSettings = {
				ALWAYS_SEARCH_USER_PATHS = NO;
				CLANG_ANALYZER_NONNULL = YES;
				CLANG_CXX_LANGUAGE_STANDARD = "gnu++0x";
				CLANG_CXX_LIBRARY = "libc++";
				CLANG_ENABLE_MODULES = YES;
				CLANG_ENABLE_OBJC_ARC = YES;
				CLANG_WARN_BOOL_CONVERSION = YES;
				CLANG_WARN_CONSTANT_CONVERSION = YES;
				CLANG_WARN_DIRECT_OBJC_ISA_USAGE = YES_ERROR;
				CLANG_WARN_DOCUMENTATION_COMMENTS = YES;
				CLANG_WARN_EMPTY_BODY = YES;
				CLANG_WARN_ENUM_CONVERSION = YES;
				CLANG_WARN_INT_CONVERSION = YES;
				CLANG_WARN_OBJC_ROOT_CLASS = YES_ERROR;
				CLANG_WARN_UNREACHABLE_CODE = YES;
				CLANG_WARN__DUPLICATE_METHOD_MATCH = YES;
				"CODE_SIGN_IDENTITY[sdk=iphoneos*]" = "iPhone Developer";
				COPY_PHASE_STRIP = NO;
				DEBUG_INFORMATION_FORMAT = dwarf;
				ENABLE_STRICT_OBJC_MSGSEND = YES;
				ENABLE_TESTABILITY = YES;
				GCC_C_LANGUAGE_STANDARD = gnu99;
				GCC_DYNAMIC_NO_PIC = NO;
				GCC_NO_COMMON_BLOCKS = YES;
				GCC_OPTIMIZATION_LEVEL = 0;
				GCC_PREPROCESSOR_DEFINITIONS = (
					"DEBUG=1",
					"$(inherited)",
				);
				GCC_WARN_64_TO_32_BIT_CONVERSION = YES;
				GCC_WARN_ABOUT_RETURN_TYPE = YES_ERROR;
				GCC_WARN_UNDECLARED_SELECTOR = YES;
				GCC_WARN_UNINITIALIZED_AUTOS = YES_AGGRESSIVE;
				GCC_WARN_UNUSED_FUNCTION = YES;
				GCC_WARN_UNUSED_VARIABLE = YES;
				IPHONEOS_DEPLOYMENT_TARGET = 10.0;
				MTL_ENABLE_DEBUG_INFO = YES;
				ONLY_ACTIVE_ARCH = YES;
				SDKROOT = iphoneos;
				SWIFT_ACTIVE_COMPILATION_CONDITIONS = DEBUG;
				SWIFT_OPTIMIZATION_LEVEL = "-Onone";
				TARGETED_DEVICE_FAMILY = "1,2";
			};
			name = Debug;
		};
		22B433061D45474C00B5725E /* Release */ = {
			isa = XCBuildConfiguration;
			buildSettings = {
				ALWAYS_SEARCH_USER_PATHS = NO;
				CLANG_ANALYZER_NONNULL = YES;
				CLANG_CXX_LANGUAGE_STANDARD = "gnu++0x";
				CLANG_CXX_LIBRARY = "libc++";
				CLANG_ENABLE_MODULES = YES;
				CLANG_ENABLE_OBJC_ARC = YES;
				CLANG_WARN_BOOL_CONVERSION = YES;
				CLANG_WARN_CONSTANT_CONVERSION = YES;
				CLANG_WARN_DIRECT_OBJC_ISA_USAGE = YES_ERROR;
				CLANG_WARN_DOCUMENTATION_COMMENTS = YES;
				CLANG_WARN_EMPTY_BODY = YES;
				CLANG_WARN_ENUM_CONVERSION = YES;
				CLANG_WARN_INT_CONVERSION = YES;
				CLANG_WARN_OBJC_ROOT_CLASS = YES_ERROR;
				CLANG_WARN_UNREACHABLE_CODE = YES;
				CLANG_WARN__DUPLICATE_METHOD_MATCH = YES;
				"CODE_SIGN_IDENTITY[sdk=iphoneos*]" = "iPhone Developer";
				COPY_PHASE_STRIP = NO;
				DEBUG_INFORMATION_FORMAT = "dwarf-with-dsym";
				ENABLE_NS_ASSERTIONS = NO;
				ENABLE_STRICT_OBJC_MSGSEND = YES;
				GCC_C_LANGUAGE_STANDARD = gnu99;
				GCC_NO_COMMON_BLOCKS = YES;
				GCC_WARN_64_TO_32_BIT_CONVERSION = YES;
				GCC_WARN_ABOUT_RETURN_TYPE = YES_ERROR;
				GCC_WARN_UNDECLARED_SELECTOR = YES;
				GCC_WARN_UNINITIALIZED_AUTOS = YES_AGGRESSIVE;
				GCC_WARN_UNUSED_FUNCTION = YES;
				GCC_WARN_UNUSED_VARIABLE = YES;
				IPHONEOS_DEPLOYMENT_TARGET = 10.0;
				MTL_ENABLE_DEBUG_INFO = NO;
				SDKROOT = iphoneos;
				SWIFT_OPTIMIZATION_LEVEL = "-Owholemodule";
				TARGETED_DEVICE_FAMILY = "1,2";
				VALIDATE_PRODUCT = YES;
			};
			name = Release;
		};
		22B433081D45474C00B5725E /* Debug */ = {
			isa = XCBuildConfiguration;
			buildSettings = {
				ASSETCATALOG_COMPILER_APPICON_NAME = AppIcon;
				INFOPLIST_FILE = wombats/Info.plist;
				LD_RUNPATH_SEARCH_PATHS = "$(inherited) @executable_path/Frameworks";
				PRODUCT_BUNDLE_IDENTIFIER = com.example.wombats;
				PRODUCT_NAME = "$(TARGET_NAME)";
				SWIFT_VERSION = 3.0;
			};
			name = Debug;
		};
		22B433091D45474C00B5725E /* Release */ = {
			isa = XCBuildConfiguration;
			buildSettings = {
				ASSETCATALOG_COMPILER_APPICON_NAME = AppIcon;
				INFOPLIST_FILE = wombats/Info.plist;
				LD_RUNPATH_SEARCH_PATHS = "$(inherited) @executable_path/Frameworks";
				PRODUCT_BUNDLE_IDENTIFIER = com.example.wombats;
				PRODUCT_NAME = "$(TARGET_NAME)";
				SWIFT_VERSION = 3.0;
			};
			name = Release;
		};
		22B4330B1D45474C00B5725E /* Debug */ = {
			isa = XCBuildConfiguration;
			buildSettings = {
				BUNDLE_LOADER = "$(TEST_HOST)";
				INFOPLIST_FILE = wombatsTests/Info.plist;
				LD_RUNPATH_SEARCH_PATHS = "$(inherited) @executable_path/Frameworks @loader_path/Frameworks";
				PRODUCT_BUNDLE_IDENTIFIER = com.example.wombatsTests;
				PRODUCT_NAME = "$(TARGET_NAME)";
				SWIFT_VERSION = 3.0;
				TEST_HOST = "$(BUILT_PRODUCTS_DIR)/wombats.app/wombats";
			};
			name = Debug;
		};
		22B4330C1D45474C00B5725E /* Release */ = {
			isa = XCBuildConfiguration;
			buildSettings = {
				BUNDLE_LOADER = "$(TEST_HOST)";
				INFOPLIST_FILE = wombatsTests/Info.plist;
				LD_RUNPATH_SEARCH_PATHS = "$(inherited) @executable_path/Frameworks @loader_path/Frameworks";
				PRODUCT_BUNDLE_IDENTIFIER = com.example.wombatsTests;
				PRODUCT_NAME = "$(TARGET_NAME)";
				SWIFT_VERSION = 3.0;
				TEST_HOST = "$(BUILT_PRODUCTS_DIR)/wombats.app/wombats";
			};
			name = Release;
		};
		22B4330E1D45474C00B5725E /* Debug */ = {
			isa = XCBuildConfiguration;
			buildSettings = {
				INFOPLIST_FILE = wombatsUITests/Info.plist;
				LD_RUNPATH_SEARCH_PATHS = "$(inherited) @executable_path/Frameworks @loader_path/Frameworks";
				PRODUCT_BUNDLE_IDENTIFIER = com.example.wombatsUITests;
				PRODUCT_NAME = "$(TARGET_NAME)";
				SWIFT_VERSION = 3.0;
				TEST_TARGET_NAME = wombats;
			};
			name = Debug;
		};
		22B4330F1D45474C00B5725E /* Release */ = {
			isa = XCBuildConfiguration;
			buildSettings = {
				INFOPLIST_FILE = wombatsUITests/Info.plist;
				LD_RUNPATH_SEARCH_PATHS = "$(inherited) @executable_path/Frameworks @loader_path/Frameworks";
				PRODUCT_BUNDLE_IDENTIFIER = com.example.wombatsUITests;
				PRODUCT_NAME = "$(TARGET_NAME)";
				SWIFT_VERSION = 3.0;
				TEST_TARGET_NAME = wombats;
			};
			name = Release;
		};
/* End XCBuildConfiguration section */

/* Begin XCConfigurationList section */
		22B432D71D45474C00B5725E /* Build configuration list for PBXProject "wombats" */ = {
			isa = XCConfigurationList;
			buildConfigurations = (
				22B433051D45474C00B5725E /* Debug */,
				22B433061D45474C00B5725E /* Release */,
			);
			defaultConfigurationIsVisible = 0;
			defaultConfigurationName = Release;
		};
		22B433071D45474C00B5725E /* Build configuration list for PBXNativeTarget "wombats" */ = {
			isa = XCConfigurationList;
			buildConfigurations = (
				22B433081D45474C00B5725E /* Debug */,
				22B433091D45474C00B5725E /* Release */,
			);
			defaultConfigurationIsVisible = 0;
		};
		22B4330A1D45474C00B5725E /* Build configuration list for PBXNativeTarget "wombatsTests" */ = {
			isa = XCConfigurationList;
			buildConfigurations = (
				22B4330B1D45474C00B5725E /* Debug */,
				22B4330C1D45474C00B5725E /* Release */,
			);
			defaultConfigurationIsVisible = 0;
		};
		22B4330D1D45474C00B5725E /* Build configuration list for PBXNativeTarget "wombatsUITests" */ = {
			isa = XCConfigurationList;
			buildConfigurations = (
				22B4330E1D45474C00B5725E /* Debug */,
				22B4330F1D45474C00B5725E /* Release */,
			);
			defaultConfigurationIsVisible = 0;
		};
/* End XCConfigurationList section */

/* Begin XCVersionGroup section */
		22B432E61D45474C00B5725E /* wombats.xcdatamodeld */ = {
			isa = XCVersionGroup;
			children = (
				22B432E71D45474C00B5725E /* wombats.xcdatamodel */,
			);
			currentVersion = 22B432E71D45474C00B5725E /* wombats.xcdatamodel */;
			path = wombats.xcdatamodeld;
			sourceTree = "<group>";
			versionGroupType = wrapper.xcdatamodel;
		};
/* End XCVersionGroup section */
	};
	rootObject = 22B432D41D45474C00B5725E /* Project object */;
}
